
Microsoft Visual Studio Solution File, Format Version 12.00
# Visual Studio 15
VisualStudioVersion = 15.0.27130.2010
MinimumVisualStudioVersion = 10.0.40219.1
Project("{FAE04EC0-301F-11D3-BF4B-00C04F79EFBC}") = "DBListen.Android", "DBListen\DBListen.Android\DBListen.Android.csproj", "{5CF3B3ED-DF4C-4F98-A193-02B4FA24E753}"
EndProject
Project("{FAE04EC0-301F-11D3-BF4B-00C04F79EFBC}") = "DBListen.iOS", "DBListen\DBListen.iOS\DBListen.iOS.csproj", "{5F212F4E-28CA-4FC8-83FB-A0C14985A57A}"
EndProject
Project("{FAE04EC0-301F-11D3-BF4B-00C04F79EFBC}") = "DBListen.UWP", "DBListen\DBListen.UWP\DBListen.UWP.csproj", "{7616007C-D2CC-4468-91D3-D993A7663D8E}"
EndProject
Project("{D954291E-2A0B-460D-934E-DC6B0785DB48}") = "DBListen", "DBListen\DBListen\DBListen.shproj", "{E283A3BE-B7AD-48ED-9084-EB564633ED15}"
EndProject
Global
	GlobalSection(SharedMSBuildProjectFiles) = preSolution
		DBListen\DBListen\DBListen.projitems*{5cf3b3ed-df4c-4f98-a193-02b4fa24e753}*SharedItemsImports = 4
		DBListen\DBListen\DBListen.projitems*{5f212f4e-28ca-4fc8-83fb-a0c14985a57a}*SharedItemsImports = 4
		DBListen\DBListen\DBListen.projitems*{7616007c-d2cc-4468-91d3-d993a7663d8e}*SharedItemsImports = 4
		DBListen\DBListen\DBListen.projitems*{e283a3be-b7ad-48ed-9084-eb564633ed15}*SharedItemsImports = 13
	EndGlobalSection
	GlobalSection(SolutionConfigurationPlatforms) = preSolution
		Ad-Hoc|Any CPU = Ad-Hoc|Any CPU
		Ad-Hoc|ARM = Ad-Hoc|ARM
		Ad-Hoc|iPhone = Ad-Hoc|iPhone
		Ad-Hoc|iPhoneSimulator = Ad-Hoc|iPhoneSimulator
		Ad-Hoc|x64 = Ad-Hoc|x64
		Ad-Hoc|x86 = Ad-Hoc|x86
		AppStore|Any CPU = AppStore|Any CPU
		AppStore|ARM = AppStore|ARM
		AppStore|iPhone = AppStore|iPhone
		AppStore|iPhoneSimulator = AppStore|iPhoneSimulator
		AppStore|x64 = AppStore|x64
		AppStore|x86 = AppStore|x86
		Debug|Any CPU = Debug|Any CPU
		Debug|ARM = Debug|ARM
		Debug|iPhone = Debug|iPhone
		Debug|iPhoneSimulator = Debug|iPhoneSimulator
		Debug|x64 = Debug|x64
		Debug|x86 = Debug|x86
		Release|Any CPU = Release|Any CPU
		Release|ARM = Release|ARM
		Release|iPhone = Release|iPhone
		Release|iPhoneSimulator = Release|iPhoneSimulator
		Release|x64 = Release|x64
		Release|x86 = Release|x86
	EndGlobalSection
	GlobalSection(ProjectConfigurationPlatforms) = postSolution
		{5CF3B3ED-DF4C-4F98-A193-02B4FA24E753}.Ad-Hoc|Any CPU.ActiveCfg = Release|Any CPU
		{5CF3B3ED-DF4C-4F98-A193-02B4FA24E753}.Ad-Hoc|Any CPU.Build.0 = Release|Any CPU
		{5CF3B3ED-DF4C-4F98-A193-02B4FA24E753}.Ad-Hoc|Any CPU.Deploy.0 = Release|Any CPU
		{5CF3B3ED-DF4C-4F98-A193-02B4FA24E753}.Ad-Hoc|ARM.ActiveCfg = Release|Any CPU
		{5CF3B3ED-DF4C-4F98-A193-02B4FA24E753}.Ad-Hoc|ARM.Build.0 = Release|Any CPU
		{5CF3B3ED-DF4C-4F98-A193-02B4FA24E753}.Ad-Hoc|ARM.Deploy.0 = Release|Any CPU
		{5CF3B3ED-DF4C-4F98-A193-02B4FA24E753}.Ad-Hoc|iPhone.ActiveCfg = Release|Any CPU
		{5CF3B3ED-DF4C-4F98-A193-02B4FA24E753}.Ad-Hoc|iPhone.Build.0 = Release|Any CPU
		{5CF3B3ED-DF4C-4F98-A193-02B4FA24E753}.Ad-Hoc|iPhone.Deploy.0 = Release|Any CPU
		{5CF3B3ED-DF4C-4F98-A193-02B4FA24E753}.Ad-Hoc|iPhoneSimulator.ActiveCfg = Release|Any CPU
		{5CF3B3ED-DF4C-4F98-A193-02B4FA24E753}.Ad-Hoc|iPhoneSimulator.Build.0 = Release|Any CPU
		{5CF3B3ED-DF4C-4F98-A193-02B4FA24E753}.Ad-Hoc|iPhoneSimulator.Deploy.0 = Release|Any CPU
		{5CF3B3ED-DF4C-4F98-A193-02B4FA24E753}.Ad-Hoc|x64.ActiveCfg = Release|Any CPU
		{5CF3B3ED-DF4C-4F98-A193-02B4FA24E753}.Ad-Hoc|x64.Build.0 = Release|Any CPU
		{5CF3B3ED-DF4C-4F98-A193-02B4FA24E753}.Ad-Hoc|x64.Deploy.0 = Release|Any CPU
		{5CF3B3ED-DF4C-4F98-A193-02B4FA24E753}.Ad-Hoc|x86.ActiveCfg = Release|Any CPU
		{5CF3B3ED-DF4C-4F98-A193-02B4FA24E753}.Ad-Hoc|x86.Build.0 = Release|Any CPU
		{5CF3B3ED-DF4C-4F98-A193-02B4FA24E753}.Ad-Hoc|x86.Deploy.0 = Release|Any CPU
		{5CF3B3ED-DF4C-4F98-A193-02B4FA24E753}.AppStore|Any CPU.ActiveCfg = Release|Any CPU
		{5CF3B3ED-DF4C-4F98-A193-02B4FA24E753}.AppStore|Any CPU.Build.0 = Release|Any CPU
		{5CF3B3ED-DF4C-4F98-A193-02B4FA24E753}.AppStore|Any CPU.Deploy.0 = Release|Any CPU
		{5CF3B3ED-DF4C-4F98-A193-02B4FA24E753}.AppStore|ARM.ActiveCfg = Release|Any CPU
		{5CF3B3ED-DF4C-4F98-A193-02B4FA24E753}.AppStore|ARM.Build.0 = Release|Any CPU
		{5CF3B3ED-DF4C-4F98-A193-02B4FA24E753}.AppStore|ARM.Deploy.0 = Release|Any CPU
		{5CF3B3ED-DF4C-4F98-A193-02B4FA24E753}.AppStore|iPhone.ActiveCfg = Release|Any CPU
		{5CF3B3ED-DF4C-4F98-A193-02B4FA24E753}.AppStore|iPhone.Build.0 = Release|Any CPU
		{5CF3B3ED-DF4C-4F98-A193-02B4FA24E753}.AppStore|iPhone.Deploy.0 = Release|Any CPU
		{5CF3B3ED-DF4C-4F98-A193-02B4FA24E753}.AppStore|iPhoneSimulator.ActiveCfg = Release|Any CPU
		{5CF3B3ED-DF4C-4F98-A193-02B4FA24E753}.AppStore|iPhoneSimulator.Build.0 = Release|Any CPU
		{5CF3B3ED-DF4C-4F98-A193-02B4FA24E753}.AppStore|iPhoneSimulator.Deploy.0 = Release|Any CPU
		{5CF3B3ED-DF4C-4F98-A193-02B4FA24E753}.AppStore|x64.ActiveCfg = Release|Any CPU
		{5CF3B3ED-DF4C-4F98-A193-02B4FA24E753}.AppStore|x64.Build.0 = Release|Any CPU
		{5CF3B3ED-DF4C-4F98-A193-02B4FA24E753}.AppStore|x64.Deploy.0 = Release|Any CPU
		{5CF3B3ED-DF4C-4F98-A193-02B4FA24E753}.AppStore|x86.ActiveCfg = Release|Any CPU
		{5CF3B3ED-DF4C-4F98-A193-02B4FA24E753}.AppStore|x86.Build.0 = Release|Any CPU
		{5CF3B3ED-DF4C-4F98-A193-02B4FA24E753}.AppStore|x86.Deploy.0 = Release|Any CPU
		{5CF3B3ED-DF4C-4F98-A193-02B4FA24E753}.Debug|Any CPU.ActiveCfg = Debug|Any CPU
		{5CF3B3ED-DF4C-4F98-A193-02B4FA24E753}.Debug|Any CPU.Build.0 = Debug|Any CPU
		{5CF3B3ED-DF4C-4F98-A193-02B4FA24E753}.Debug|Any CPU.Deploy.0 = Debug|Any CPU
		{5CF3B3ED-DF4C-4F98-A193-02B4FA24E753}.Debug|ARM.ActiveCfg = Debug|Any CPU
		{5CF3B3ED-DF4C-4F98-A193-02B4FA24E753}.Debug|ARM.Build.0 = Debug|Any CPU
		{5CF3B3ED-DF4C-4F98-A193-02B4FA24E753}.Debug|ARM.Deploy.0 = Debug|Any CPU
		{5CF3B3ED-DF4C-4F98-A193-02B4FA24E753}.Debug|iPhone.ActiveCfg = Debug|Any CPU
		{5CF3B3ED-DF4C-4F98-A193-02B4FA24E753}.Debug|iPhone.Build.0 = Debug|Any CPU
		{5CF3B3ED-DF4C-4F98-A193-02B4FA24E753}.Debug|iPhone.Deploy.0 = Debug|Any CPU
		{5CF3B3ED-DF4C-4F98-A193-02B4FA24E753}.Debug|iPhoneSimulator.ActiveCfg = Debug|Any CPU
		{5CF3B3ED-DF4C-4F98-A193-02B4FA24E753}.Debug|iPhoneSimulator.Build.0 = Debug|Any CPU
		{5CF3B3ED-DF4C-4F98-A193-02B4FA24E753}.Debug|iPhoneSimulator.Deploy.0 = Debug|Any CPU
		{5CF3B3ED-DF4C-4F98-A193-02B4FA24E753}.Debug|x64.ActiveCfg = Debug|Any CPU
		{5CF3B3ED-DF4C-4F98-A193-02B4FA24E753}.Debug|x64.Build.0 = Debug|Any CPU
		{5CF3B3ED-DF4C-4F98-A193-02B4FA24E753}.Debug|x64.Deploy.0 = Debug|Any CPU
		{5CF3B3ED-DF4C-4F98-A193-02B4FA24E753}.Debug|x86.ActiveCfg = Debug|Any CPU
		{5CF3B3ED-DF4C-4F98-A193-02B4FA24E753}.Debug|x86.Build.0 = Debug|Any CPU
		{5CF3B3ED-DF4C-4F98-A193-02B4FA24E753}.Debug|x86.Deploy.0 = Debug|Any CPU
		{5CF3B3ED-DF4C-4F98-A193-02B4FA24E753}.Release|Any CPU.ActiveCfg = Release|Any CPU
		{5CF3B3ED-DF4C-4F98-A193-02B4FA24E753}.Release|Any CPU.Build.0 = Release|Any CPU
		{5CF3B3ED-DF4C-4F98-A193-02B4FA24E753}.Release|Any CPU.Deploy.0 = Release|Any CPU
		{5CF3B3ED-DF4C-4F98-A193-02B4FA24E753}.Release|ARM.ActiveCfg = Release|Any CPU
		{5CF3B3ED-DF4C-4F98-A193-02B4FA24E753}.Release|ARM.Build.0 = Release|Any CPU
		{5CF3B3ED-DF4C-4F98-A193-02B4FA24E753}.Release|ARM.Deploy.0 = Release|Any CPU
		{5CF3B3ED-DF4C-4F98-A193-02B4FA24E753}.Release|iPhone.ActiveCfg = Release|Any CPU
		{5CF3B3ED-DF4C-4F98-A193-02B4FA24E753}.Release|iPhone.Build.0 = Release|Any CPU
		{5CF3B3ED-DF4C-4F98-A193-02B4FA24E753}.Release|iPhone.Deploy.0 = Release|Any CPU
		{5CF3B3ED-DF4C-4F98-A193-02B4FA24E753}.Release|iPhoneSimulator.ActiveCfg = Release|Any CPU
		{5CF3B3ED-DF4C-4F98-A193-02B4FA24E753}.Release|iPhoneSimulator.Build.0 = Release|Any CPU
		{5CF3B3ED-DF4C-4F98-A193-02B4FA24E753}.Release|iPhoneSimulator.Deploy.0 = Release|Any CPU
		{5CF3B3ED-DF4C-4F98-A193-02B4FA24E753}.Release|x64.ActiveCfg = Release|Any CPU
		{5CF3B3ED-DF4C-4F98-A193-02B4FA24E753}.Release|x64.Build.0 = Release|Any CPU
		{5CF3B3ED-DF4C-4F98-A193-02B4FA24E753}.Release|x64.Deploy.0 = Release|Any CPU
		{5CF3B3ED-DF4C-4F98-A193-02B4FA24E753}.Release|x86.ActiveCfg = Release|Any CPU
		{5CF3B3ED-DF4C-4F98-A193-02B4FA24E753}.Release|x86.Build.0 = Release|Any CPU
		{5CF3B3ED-DF4C-4F98-A193-02B4FA24E753}.Release|x86.Deploy.0 = Release|Any CPU
		{5F212F4E-28CA-4FC8-83FB-A0C14985A57A}.Ad-Hoc|Any CPU.ActiveCfg = Ad-Hoc|iPhone
		{5F212F4E-28CA-4FC8-83FB-A0C14985A57A}.Ad-Hoc|ARM.ActiveCfg = Ad-Hoc|iPhone
		{5F212F4E-28CA-4FC8-83FB-A0C14985A57A}.Ad-Hoc|iPhone.ActiveCfg = Ad-Hoc|iPhone
		{5F212F4E-28CA-4FC8-83FB-A0C14985A57A}.Ad-Hoc|iPhone.Build.0 = Ad-Hoc|iPhone
		{5F212F4E-28CA-4FC8-83FB-A0C14985A57A}.Ad-Hoc|iPhoneSimulator.ActiveCfg = Ad-Hoc|iPhoneSimulator
		{5F212F4E-28CA-4FC8-83FB-A0C14985A57A}.Ad-Hoc|iPhoneSimulator.Build.0 = Ad-Hoc|iPhoneSimulator
		{5F212F4E-28CA-4FC8-83FB-A0C14985A57A}.Ad-Hoc|x64.ActiveCfg = Ad-Hoc|iPhone
		{5F212F4E-28CA-4FC8-83FB-A0C14985A57A}.Ad-Hoc|x86.ActiveCfg = Ad-Hoc|iPhone
		{5F212F4E-28CA-4FC8-83FB-A0C14985A57A}.AppStore|Any CPU.ActiveCfg = AppStore|iPhone
		{5F212F4E-28CA-4FC8-83FB-A0C14985A57A}.AppStore|ARM.ActiveCfg = AppStore|iPhone
		{5F212F4E-28CA-4FC8-83FB-A0C14985A57A}.AppStore|iPhone.ActiveCfg = AppStore|iPhone
		{5F212F4E-28CA-4FC8-83FB-A0C14985A57A}.AppStore|iPhone.Build.0 = AppStore|iPhone
		{5F212F4E-28CA-4FC8-83FB-A0C14985A57A}.AppStore|iPhoneSimulator.ActiveCfg = AppStore|iPhoneSimulator
		{5F212F4E-28CA-4FC8-83FB-A0C14985A57A}.AppStore|iPhoneSimulator.Build.0 = AppStore|iPhoneSimulator
		{5F212F4E-28CA-4FC8-83FB-A0C14985A57A}.AppStore|x64.ActiveCfg = AppStore|iPhone
		{5F212F4E-28CA-4FC8-83FB-A0C14985A57A}.AppStore|x86.ActiveCfg = AppStore|iPhone
		{5F212F4E-28CA-4FC8-83FB-A0C14985A57A}.Debug|Any CPU.ActiveCfg = Debug|iPhone
		{5F212F4E-28CA-4FC8-83FB-A0C14985A57A}.Debug|ARM.ActiveCfg = Debug|iPhone
		{5F212F4E-28CA-4FC8-83FB-A0C14985A57A}.Debug|iPhone.ActiveCfg = Debug|iPhone
		{5F212F4E-28CA-4FC8-83FB-A0C14985A57A}.Debug|iPhone.Build.0 = Debug|iPhone
		{5F212F4E-28CA-4FC8-83FB-A0C14985A57A}.Debug|iPhoneSimulator.ActiveCfg = Debug|iPhoneSimulator
		{5F212F4E-28CA-4FC8-83FB-A0C14985A57A}.Debug|iPhoneSimulator.Build.0 = Debug|iPhoneSimulator
		{5F212F4E-28CA-4FC8-83FB-A0C14985A57A}.Debug|x64.ActiveCfg = Debug|iPhone
		{5F212F4E-28CA-4FC8-83FB-A0C14985A57A}.Debug|x86.ActiveCfg = Debug|iPhone
		{5F212F4E-28CA-4FC8-83FB-A0C14985A57A}.Release|Any CPU.ActiveCfg = Release|iPhone
		{5F212F4E-28CA-4FC8-83FB-A0C14985A57A}.Release|ARM.ActiveCfg = Release|iPhone
		{5F212F4E-28CA-4FC8-83FB-A0C14985A57A}.Release|iPhone.ActiveCfg = Release|iPhone
		{5F212F4E-28CA-4FC8-83FB-A0C14985A57A}.Release|iPhone.Build.0 = Release|iPhone
		{5F212F4E-28CA-4FC8-83FB-A0C14985A57A}.Release|iPhoneSimulator.ActiveCfg = Release|iPhoneSimulator
		{5F212F4E-28CA-4FC8-83FB-A0C14985A57A}.Release|iPhoneSimulator.Build.0 = Release|iPhoneSimulator
		{5F212F4E-28CA-4FC8-83FB-A0C14985A57A}.Release|x64.ActiveCfg = Release|iPhone
		{5F212F4E-28CA-4FC8-83FB-A0C14985A57A}.Release|x86.ActiveCfg = Release|iPhone
		{7616007C-D2CC-4468-91D3-D993A7663D8E}.Ad-Hoc|Any CPU.ActiveCfg = Release|x86
		{7616007C-D2CC-4468-91D3-D993A7663D8E}.Ad-Hoc|Any CPU.Build.0 = Release|x86
		{7616007C-D2CC-4468-91D3-D993A7663D8E}.Ad-Hoc|Any CPU.Deploy.0 = Release|x86
		{7616007C-D2CC-4468-91D3-D993A7663D8E}.Ad-Hoc|ARM.ActiveCfg = Release|ARM
		{7616007C-D2CC-4468-91D3-D993A7663D8E}.Ad-Hoc|ARM.Build.0 = Release|ARM
		{7616007C-D2CC-4468-91D3-D993A7663D8E}.Ad-Hoc|ARM.Deploy.0 = Release|ARM
		{7616007C-D2CC-4468-91D3-D993A7663D8E}.Ad-Hoc|iPhone.ActiveCfg = Release|x86
		{7616007C-D2CC-4468-91D3-D993A7663D8E}.Ad-Hoc|iPhone.Build.0 = Release|x86
		{7616007C-D2CC-4468-91D3-D993A7663D8E}.Ad-Hoc|iPhone.Deploy.0 = Release|x86
		{7616007C-D2CC-4468-91D3-D993A7663D8E}.Ad-Hoc|iPhoneSimulator.ActiveCfg = Release|x86
		{7616007C-D2CC-4468-91D3-D993A7663D8E}.Ad-Hoc|iPhoneSimulator.Build.0 = Release|x86
		{7616007C-D2CC-4468-91D3-D993A7663D8E}.Ad-Hoc|iPhoneSimulator.Deploy.0 = Release|x86
		{7616007C-D2CC-4468-91D3-D993A7663D8E}.Ad-Hoc|x64.ActiveCfg = Release|x64
		{7616007C-D2CC-4468-91D3-D993A7663D8E}.Ad-Hoc|x64.Build.0 = Release|x64
		{7616007C-D2CC-4468-91D3-D993A7663D8E}.Ad-Hoc|x64.Deploy.0 = Release|x64
		{7616007C-D2CC-4468-91D3-D993A7663D8E}.Ad-Hoc|x86.ActiveCfg = Release|x86
		{7616007C-D2CC-4468-91D3-D993A7663D8E}.Ad-Hoc|x86.Build.0 = Release|x86
		{7616007C-D2CC-4468-91D3-D993A7663D8E}.Ad-Hoc|x86.Deploy.0 = Release|x86
		{7616007C-D2CC-4468-91D3-D993A7663D8E}.AppStore|Any CPU.ActiveCfg = Release|x86
		{7616007C-D2CC-4468-91D3-D993A7663D8E}.AppStore|Any CPU.Build.0 = Release|x86
		{7616007C-D2CC-4468-91D3-D993A7663D8E}.AppStore|Any CPU.Deploy.0 = Release|x86
		{7616007C-D2CC-4468-91D3-D993A7663D8E}.AppStore|ARM.ActiveCfg = Release|ARM
		{7616007C-D2CC-4468-91D3-D993A7663D8E}.AppStore|ARM.Build.0 = Release|ARM
		{7616007C-D2CC-4468-91D3-D993A7663D8E}.AppStore|ARM.Deploy.0 = Release|ARM
		{7616007C-D2CC-4468-91D3-D993A7663D8E}.AppStore|iPhone.ActiveCfg = Release|x86
		{7616007C-D2CC-4468-91D3-D993A7663D8E}.AppStore|iPhone.Build.0 = Release|x86
		{7616007C-D2CC-4468-91D3-D993A7663D8E}.AppStore|iPhone.Deploy.0 = Release|x86
		{7616007C-D2CC-4468-91D3-D993A7663D8E}.AppStore|iPhoneSimulator.ActiveCfg = Release|x86
		{7616007C-D2CC-4468-91D3-D993A7663D8E}.AppStore|iPhoneSimulator.Build.0 = Release|x86
		{7616007C-D2CC-4468-91D3-D993A7663D8E}.AppStore|iPhoneSimulator.Deploy.0 = Release|x86
		{7616007C-D2CC-4468-91D3-D993A7663D8E}.AppStore|x64.ActiveCfg = Release|x64
		{7616007C-D2CC-4468-91D3-D993A7663D8E}.AppStore|x64.Build.0 = Release|x64
		{7616007C-D2CC-4468-91D3-D993A7663D8E}.AppStore|x64.Deploy.0 = Release|x64
		{7616007C-D2CC-4468-91D3-D993A7663D8E}.AppStore|x86.ActiveCfg = Release|x86
		{7616007C-D2CC-4468-91D3-D993A7663D8E}.AppStore|x86.Build.0 = Release|x86
		{7616007C-D2CC-4468-91D3-D993A7663D8E}.AppStore|x86.Deploy.0 = Release|x86
		{7616007C-D2CC-4468-91D3-D993A7663D8E}.Debug|Any CPU.ActiveCfg = Debug|x86
		{7616007C-D2CC-4468-91D3-D993A7663D8E}.Debug|ARM.ActiveCfg = Debug|ARM
		{7616007C-D2CC-4468-91D3-D993A7663D8E}.Debug|ARM.Build.0 = Debug|ARM
		{7616007C-D2CC-4468-91D3-D993A7663D8E}.Debug|ARM.Deploy.0 = Debug|ARM
		{7616007C-D2CC-4468-91D3-D993A7663D8E}.Debug|iPhone.ActiveCfg = Debug|x86
		{7616007C-D2CC-4468-91D3-D993A7663D8E}.Debug|iPhoneSimulator.ActiveCfg = Debug|x86
		{7616007C-D2CC-4468-91D3-D993A7663D8E}.Debug|x64.ActiveCfg = Debug|x64
		{7616007C-D2CC-4468-91D3-D993A7663D8E}.Debug|x64.Build.0 = Debug|x64
		{7616007C-D2CC-4468-91D3-D993A7663D8E}.Debug|x64.Deploy.0 = Debug|x64
		{7616007C-D2CC-4468-91D3-D993A7663D8E}.Debug|x86.ActiveCfg = Debug|x86
		{7616007C-D2CC-4468-91D3-D993A7663D8E}.Debug|x86.Build.0 = Debug|x86
		{7616007C-D2CC-4468-91D3-D993A7663D8E}.Debug|x86.Deploy.0 = Debug|x86
		{7616007C-D2CC-4468-91D3-D993A7663D8E}.Release|Any CPU.ActiveCfg = Release|x86
		{7616007C-D2CC-4468-91D3-D993A7663D8E}.Release|ARM.ActiveCfg = Release|ARM
		{7616007C-D2CC-4468-91D3-D993A7663D8E}.Release|ARM.Build.0 = Release|ARM
		{7616007C-D2CC-4468-91D3-D993A7663D8E}.Release|ARM.Deploy.0 = Release|ARM
		{7616007C-D2CC-4468-91D3-D993A7663D8E}.Release|iPhone.ActiveCfg = Release|x86
		{7616007C-D2CC-4468-91D3-D993A7663D8E}.Release|iPhoneSimulator.ActiveCfg = Release|x86
		{7616007C-D2CC-4468-91D3-D993A7663D8E}.Release|x64.ActiveCfg = Release|x64
		{7616007C-D2CC-4468-91D3-D993A7663D8E}.Release|x64.Build.0 = Release|x64
		{7616007C-D2CC-4468-91D3-D993A7663D8E}.Release|x64.Deploy.0 = Release|x64
		{7616007C-D2CC-4468-91D3-D993A7663D8E}.Release|x86.ActiveCfg = Release|x86
		{7616007C-D2CC-4468-91D3-D993A7663D8E}.Release|x86.Build.0 = Release|x86
		{7616007C-D2CC-4468-91D3-D993A7663D8E}.Release|x86.Deploy.0 = Release|x86
	EndGlobalSection
	GlobalSection(SolutionProperties) = preSolution
		HideSolutionNode = FALSE
	EndGlobalSection
	GlobalSection(ExtensibilityGlobals) = postSolution
		SolutionGuid = {0B81B124-C908-46DC-BD70-38ED4FD522D2}
	EndGlobalSection
EndGlobal
